
Microsoft Visual Studio Solution File, Format Version 12.00
# Visual Studio Version 17
VisualStudioVersion = 17.5.33530.505
MinimumVisualStudioVersion = 10.0.40219.1
Project("{FAE04EC0-301F-11D3-BF4B-00C04F79EFBC}") = "UserInput", "UserInput\UserInput.csproj", "{D09DA90C-51BC-4BD9-9EF1-0C88E8582558}"
EndProject
Global
	GlobalSection(SolutionConfigurationPlatforms) = preSolution
		Debug|Any CPU = Debug|Any CPU
		Release|Any CPU = Release|Any CPU
	EndGlobalSection
	GlobalSection(ProjectConfigurationPlatforms) = postSolution
		{D09DA90C-51BC-4BD9-9EF1-0C88E8582558}.Debug|Any CPU.ActiveCfg = Debug|Any CPU
		{D09DA90C-51BC-4BD9-9EF1-0C88E8582558}.Debug|Any CPU.Build.0 = Debug|Any CPU
		{D09DA90C-51BC-4BD9-9EF1-0C88E8582558}.Release|Any CPU.ActiveCfg = Release|Any CPU
		{D09DA90C-51BC-4BD9-9EF1-0C88E8582558}.Release|Any CPU.Build.0 = Release|Any CPU
	EndGlobalSection
	GlobalSection(SolutionProperties) = preSolution
		HideSolutionNode = FALSE
	EndGlobalSection
	GlobalSection(ExtensibilityGlobals) = postSolution
		SolutionGuid = {6C22FC72-4720-42A3-8C21-092AEE75A3D3}
	EndGlobalSection
EndGlobal
