
Microsoft Visual Studio Solution File, Format Version 12.00
# Visual Studio Version 17
VisualStudioVersion = 17.5.33530.505
MinimumVisualStudioVersion = 10.0.40219.1
Project("{FAE04EC0-301F-11D3-BF4B-00C04F79EFBC}") = "ClassExample", "ClassExample\ClassExample.csproj", "{EF41AED0-6973-4130-9972-262AC3807010}"
EndProject
Global
	GlobalSection(SolutionConfigurationPlatforms) = preSolution
		Debug|Any CPU = Debug|Any CPU
		Release|Any CPU = Release|Any CPU
	EndGlobalSection
	GlobalSection(ProjectConfigurationPlatforms) = postSolution
		{EF41AED0-6973-4130-9972-262AC3807010}.Debug|Any CPU.ActiveCfg = Debug|Any CPU
		{EF41AED0-6973-4130-9972-262AC3807010}.Debug|Any CPU.Build.0 = Debug|Any CPU
		{EF41AED0-6973-4130-9972-262AC3807010}.Release|Any CPU.ActiveCfg = Release|Any CPU
		{EF41AED0-6973-4130-9972-262AC3807010}.Release|Any CPU.Build.0 = Release|Any CPU
	EndGlobalSection
	GlobalSection(SolutionProperties) = preSolution
		HideSolutionNode = FALSE
	EndGlobalSection
	GlobalSection(ExtensibilityGlobals) = postSolution
		SolutionGuid = {2EF7C52E-43D5-41C2-9F93-55DEF60DC6A3}
	EndGlobalSection
EndGlobal
